// !$*UTF8*$!
{
	archiveVersion = 1;
	classes = {
	};
	objectVersion = 56;
	objects = {

/* Begin PBXBuildFile section */
		185E48D82A0E485D0072B79F /* BestForYou.swift in Sources */ = {isa = PBXBuildFile; fileRef = 185E48D72A0E485D0072B79F /* BestForYou.swift */; };
		187DB20E2A0E99AE00F3E41C /* Warmups.swift in Sources */ = {isa = PBXBuildFile; fileRef = 187DB20D2A0E99AE00F3E41C /* Warmups.swift */; };
		18BE60252A12593C001E052D /* Freethrow.mp4 in Resources */ = {isa = PBXBuildFile; fileRef = 18BE60242A12593C001E052D /* Freethrow.mp4 */; };
		18BE60272A1261E8001E052D /* VideoListItemView.swift in Sources */ = {isa = PBXBuildFile; fileRef = 18BE60262A1261E8001E052D /* VideoListItemView.swift */; };
		18BE60292A126A9F001E052D /* Video.swift in Sources */ = {isa = PBXBuildFile; fileRef = 18BE60282A126A9F001E052D /* Video.swift */; };
		18C27C282A0CED69004A7D84 /* Explore.swift in Sources */ = {isa = PBXBuildFile; fileRef = 18C27C272A0CED69004A7D84 /* Explore.swift */; };
		18C27C2A2A0CEDBB004A7D84 /* Stats.swift in Sources */ = {isa = PBXBuildFile; fileRef = 18C27C292A0CEDBB004A7D84 /* Stats.swift */; };
		18C27C2C2A0D0F24004A7D84 /* ShootingExercise.swift in Sources */ = {isa = PBXBuildFile; fileRef = 18C27C2B2A0D0F24004A7D84 /* ShootingExercise.swift */; };
		18CB70092A12DEA3006BFA03 /* WorkoutButton.swift in Sources */ = {isa = PBXBuildFile; fileRef = 18CB70082A12DEA3006BFA03 /* WorkoutButton.swift */; };
		18CB700B2A12E78C006BFA03 /* Video2.swift in Sources */ = {isa = PBXBuildFile; fileRef = 18CB700A2A12E78C006BFA03 /* Video2.swift */; };
		18CB700D2A12E7A7006BFA03 /* Shooting.mp4 in Resources */ = {isa = PBXBuildFile; fileRef = 18CB700C2A12E7A7006BFA03 /* Shooting.mp4 */; };
		18CB700F2A13F457006BFA03 /* CameraWorkout.swift in Sources */ = {isa = PBXBuildFile; fileRef = 18CB700E2A13F457006BFA03 /* CameraWorkout.swift */; };
		18CB70112A13F623006BFA03 /* VideoCapture.swift in Sources */ = {isa = PBXBuildFile; fileRef = 18CB70102A13F623006BFA03 /* VideoCapture.swift */; };
		18CB70132A151E81006BFA03 /* BasketballFreetrowWorkout 1.mlmodel in Sources */ = {isa = PBXBuildFile; fileRef = 18CB70122A151E81006BFA03 /* BasketballFreetrowWorkout 1.mlmodel */; };
		18CB70152A151EED006BFA03 /* Perdictor.swift in Sources */ = {isa = PBXBuildFile; fileRef = 18CB70142A151EED006BFA03 /* Perdictor.swift */; };
		18CB70172A164C04006BFA03 /* perfect.mp3 in Resources */ = {isa = PBXBuildFile; fileRef = 18CB70162A164C04006BFA03 /* perfect.mp3 */; };
		18D112C32A057EBA005EBE28 /* WorkoutList.swift in Sources */ = {isa = PBXBuildFile; fileRef = 18D112C22A057EBA005EBE28 /* WorkoutList.swift */; };
		18D112C92A07D380005EBE28 /* WorkoutsView.swift in Sources */ = {isa = PBXBuildFile; fileRef = 18D112C82A07D380005EBE28 /* WorkoutsView.swift */; };
		18D112CD2A0809BD005EBE28 /* TodayPlan.swift in Sources */ = {isa = PBXBuildFile; fileRef = 18D112CC2A0809BD005EBE28 /* TodayPlan.swift */; };
		18D112CF2A081439005EBE28 /* TodayPlanList.swift in Sources */ = {isa = PBXBuildFile; fileRef = 18D112CE2A081439005EBE28 /* TodayPlanList.swift */; };
		18D112D42A082D6B005EBE28 /* Training.swift in Sources */ = {isa = PBXBuildFile; fileRef = 18D112D32A082D6B005EBE28 /* Training.swift */; };
		18FE43BF2A03D7F100BE525A /* basketball_appApp.swift in Sources */ = {isa = PBXBuildFile; fileRef = 18FE43BE2A03D7F100BE525A /* basketball_appApp.swift */; };
		18FE43C12A03D7F100BE525A /* ContentView.swift in Sources */ = {isa = PBXBuildFile; fileRef = 18FE43C02A03D7F100BE525A /* ContentView.swift */; };
		18FE43C32A03D7F200BE525A /* Assets.xcassets in Resources */ = {isa = PBXBuildFile; fileRef = 18FE43C22A03D7F200BE525A /* Assets.xcassets */; };
		18FE43C62A03D7F200BE525A /* Preview Assets.xcassets in Resources */ = {isa = PBXBuildFile; fileRef = 18FE43C52A03D7F200BE525A /* Preview Assets.xcassets */; };
		18FE43CD2A03D8AD00BE525A /* CustomTabBar.swift in Sources */ = {isa = PBXBuildFile; fileRef = 18FE43CC2A03D8AD00BE525A /* CustomTabBar.swift */; };
/* End PBXBuildFile section */

/* Begin PBXFileReference section */
		185E48D72A0E485D0072B79F /* BestForYou.swift */ = {isa = PBXFileReference; lastKnownFileType = sourcecode.swift; path = BestForYou.swift; sourceTree = "<group>"; };
		187DB20D2A0E99AE00F3E41C /* Warmups.swift */ = {isa = PBXFileReference; lastKnownFileType = sourcecode.swift; path = Warmups.swift; sourceTree = "<group>"; };
		18BE60242A12593C001E052D /* Freethrow.mp4 */ = {isa = PBXFileReference; lastKnownFileType = file; name = Freethrow.mp4; path = ../../../../../Downloads/Freethrow.mp4; sourceTree = "<group>"; };
		18BE60262A1261E8001E052D /* VideoListItemView.swift */ = {isa = PBXFileReference; lastKnownFileType = sourcecode.swift; path = VideoListItemView.swift; sourceTree = "<group>"; };
		18BE60282A126A9F001E052D /* Video.swift */ = {isa = PBXFileReference; lastKnownFileType = sourcecode.swift; path = Video.swift; sourceTree = "<group>"; };
		18C27C272A0CED69004A7D84 /* Explore.swift */ = {isa = PBXFileReference; lastKnownFileType = sourcecode.swift; path = Explore.swift; sourceTree = "<group>"; };
		18C27C292A0CEDBB004A7D84 /* Stats.swift */ = {isa = PBXFileReference; lastKnownFileType = sourcecode.swift; path = Stats.swift; sourceTree = "<group>"; };
		18C27C2B2A0D0F24004A7D84 /* ShootingExercise.swift */ = {isa = PBXFileReference; lastKnownFileType = sourcecode.swift; path = ShootingExercise.swift; sourceTree = "<group>"; };
		18CB70082A12DEA3006BFA03 /* WorkoutButton.swift */ = {isa = PBXFileReference; lastKnownFileType = sourcecode.swift; path = WorkoutButton.swift; sourceTree = "<group>"; };
		18CB700A2A12E78C006BFA03 /* Video2.swift */ = {isa = PBXFileReference; lastKnownFileType = sourcecode.swift; path = Video2.swift; sourceTree = "<group>"; };
		18CB700C2A12E7A7006BFA03 /* Shooting.mp4 */ = {isa = PBXFileReference; lastKnownFileType = file; name = Shooting.mp4; path = ../../../../../Downloads/Shooting.mp4; sourceTree = "<group>"; };
		18CB700E2A13F457006BFA03 /* CameraWorkout.swift */ = {isa = PBXFileReference; lastKnownFileType = sourcecode.swift; path = CameraWorkout.swift; sourceTree = "<group>"; };
		18CB70102A13F623006BFA03 /* VideoCapture.swift */ = {isa = PBXFileReference; lastKnownFileType = sourcecode.swift; path = VideoCapture.swift; sourceTree = "<group>"; };
		18CB70122A151E81006BFA03 /* BasketballFreetrowWorkout 1.mlmodel */ = {isa = PBXFileReference; lastKnownFileType = file.mlmodel; name = "BasketballFreetrowWorkout 1.mlmodel"; path = "../../../../../../../var/folders/_l/h6nf4fl91gdfy660ffpvhnrc0000gq/T/com.apple.dt.CreateML.app/sharing/drag/0EE58E18-E247-42E9-BD57-4961835EB9A4/BasketballFreetrowWorkout 1.mlmodel"; sourceTree = "<group>"; };
		18CB70142A151EED006BFA03 /* Perdictor.swift */ = {isa = PBXFileReference; lastKnownFileType = sourcecode.swift; path = Perdictor.swift; sourceTree = "<group>"; };
		18CB70162A164C04006BFA03 /* perfect.mp3 */ = {isa = PBXFileReference; lastKnownFileType = audio.mp3; path = perfect.mp3; sourceTree = "<group>"; };
		18D112C22A057EBA005EBE28 /* WorkoutList.swift */ = {isa = PBXFileReference; lastKnownFileType = sourcecode.swift; path = WorkoutList.swift; sourceTree = "<group>"; };
		18D112C82A07D380005EBE28 /* WorkoutsView.swift */ = {isa = PBXFileReference; lastKnownFileType = sourcecode.swift; path = WorkoutsView.swift; sourceTree = "<group>"; };
		18D112CC2A0809BD005EBE28 /* TodayPlan.swift */ = {isa = PBXFileReference; lastKnownFileType = sourcecode.swift; path = TodayPlan.swift; sourceTree = "<group>"; };
		18D112CE2A081439005EBE28 /* TodayPlanList.swift */ = {isa = PBXFileReference; lastKnownFileType = sourcecode.swift; path = TodayPlanList.swift; sourceTree = "<group>"; };
		18D112D32A082D6B005EBE28 /* Training.swift */ = {isa = PBXFileReference; lastKnownFileType = sourcecode.swift; path = Training.swift; sourceTree = SOURCE_ROOT; };
		18FE43BB2A03D7F100BE525A /* basketball_app.app */ = {isa = PBXFileReference; explicitFileType = wrapper.application; includeInIndex = 0; path = basketball_app.app; sourceTree = BUILT_PRODUCTS_DIR; };
		18FE43BE2A03D7F100BE525A /* basketball_appApp.swift */ = {isa = PBXFileReference; lastKnownFileType = sourcecode.swift; path = basketball_appApp.swift; sourceTree = "<group>"; };
		18FE43C02A03D7F100BE525A /* ContentView.swift */ = {isa = PBXFileReference; lastKnownFileType = sourcecode.swift; path = ContentView.swift; sourceTree = "<group>"; };
		18FE43C22A03D7F200BE525A /* Assets.xcassets */ = {isa = PBXFileReference; lastKnownFileType = folder.assetcatalog; path = Assets.xcassets; sourceTree = "<group>"; };
		18FE43C52A03D7F200BE525A /* Preview Assets.xcassets */ = {isa = PBXFileReference; lastKnownFileType = folder.assetcatalog; path = "Preview Assets.xcassets"; sourceTree = "<group>"; };
		18FE43CC2A03D8AD00BE525A /* CustomTabBar.swift */ = {isa = PBXFileReference; lastKnownFileType = sourcecode.swift; path = CustomTabBar.swift; sourceTree = "<group>"; };
/* End PBXFileReference section */

/* Begin PBXFrameworksBuildPhase section */
		18FE43B82A03D7F100BE525A /* Frameworks */ = {
			isa = PBXFrameworksBuildPhase;
			buildActionMask = 2147483647;
			files = (
			);
			runOnlyForDeploymentPostprocessing = 0;
		};
/* End PBXFrameworksBuildPhase section */

/* Begin PBXGroup section */
		18CB70182A166CE1006BFA03 /* workoutCamera */ = {
			isa = PBXGroup;
			children = (
				18CB70102A13F623006BFA03 /* VideoCapture.swift */,
				18CB700E2A13F457006BFA03 /* CameraWorkout.swift */,
				18CB70142A151EED006BFA03 /* Perdictor.swift */,
			);
			path = workoutCamera;
			sourceTree = "<group>";
		};
		18D112D02A0817F8005EBE28 /* List */ = {
			isa = PBXGroup;
			children = (
				18D112CE2A081439005EBE28 /* TodayPlanList.swift */,
				18D112C22A057EBA005EBE28 /* WorkoutList.swift */,
			);
			path = List;
			sourceTree = "<group>";
		};
		18D112D12A082CCE005EBE28 /* Views */ = {
			isa = PBXGroup;
			children = (
				18CB70162A164C04006BFA03 /* perfect.mp3 */,
				18CB70122A151E81006BFA03 /* BasketballFreetrowWorkout 1.mlmodel */,
				18D112D32A082D6B005EBE28 /* Training.swift */,
				18CB70182A166CE1006BFA03 /* workoutCamera */,
				18BE60282A126A9F001E052D /* Video.swift */,
				18FE43C02A03D7F100BE525A /* ContentView.swift */,
				18C27C272A0CED69004A7D84 /* Explore.swift */,
				18C27C2B2A0D0F24004A7D84 /* ShootingExercise.swift */,
				18C27C292A0CEDBB004A7D84 /* Stats.swift */,
				18CB700A2A12E78C006BFA03 /* Video2.swift */,
			);
			path = Views;
			sourceTree = "<group>";
		};
		18D112D22A082CE5005EBE28 /* Elements */ = {
			isa = PBXGroup;
			children = (
				18BE60262A1261E8001E052D /* VideoListItemView.swift */,
				18FE43CC2A03D8AD00BE525A /* CustomTabBar.swift */,
				18D112C82A07D380005EBE28 /* WorkoutsView.swift */,
				18D112CC2A0809BD005EBE28 /* TodayPlan.swift */,
				185E48D72A0E485D0072B79F /* BestForYou.swift */,
				187DB20D2A0E99AE00F3E41C /* Warmups.swift */,
				18CB70082A12DEA3006BFA03 /* WorkoutButton.swift */,
			);
			path = Elements;
			sourceTree = "<group>";
		};
		18FE43B22A03D7F100BE525A = {
			isa = PBXGroup;
			children = (
				18FE43BD2A03D7F100BE525A /* basketball_app */,
				18FE43BC2A03D7F100BE525A /* Products */,
			);
			sourceTree = "<group>";
		};
		18FE43BC2A03D7F100BE525A /* Products */ = {
			isa = PBXGroup;
			children = (
				18FE43BB2A03D7F100BE525A /* basketball_app.app */,
			);
			name = Products;
			sourceTree = "<group>";
		};
		18FE43BD2A03D7F100BE525A /* basketball_app */ = {
			isa = PBXGroup;
			children = (
				18FE43BE2A03D7F100BE525A /* basketball_appApp.swift */,
				18D112D12A082CCE005EBE28 /* Views */,
				18D112D22A082CE5005EBE28 /* Elements */,
				18D112D02A0817F8005EBE28 /* List */,
				18FE43C22A03D7F200BE525A /* Assets.xcassets */,
				18FE43C42A03D7F200BE525A /* Preview Content */,
			);
			path = basketball_app;
			sourceTree = "<group>";
		};
		18FE43C42A03D7F200BE525A /* Preview Content */ = {
			isa = PBXGroup;
			children = (
				18CB700C2A12E7A7006BFA03 /* Shooting.mp4 */,
				18BE60242A12593C001E052D /* Freethrow.mp4 */,
				18FE43C52A03D7F200BE525A /* Preview Assets.xcassets */,
			);
			path = "Preview Content";
			sourceTree = "<group>";
		};
/* End PBXGroup section */

/* Begin PBXNativeTarget section */
		18FE43BA2A03D7F100BE525A /* basketball_app */ = {
			isa = PBXNativeTarget;
			buildConfigurationList = 18FE43C92A03D7F200BE525A /* Build configuration list for PBXNativeTarget "basketball_app" */;
			buildPhases = (
				18FE43B72A03D7F100BE525A /* Sources */,
				18FE43B82A03D7F100BE525A /* Frameworks */,
				18FE43B92A03D7F100BE525A /* Resources */,
			);
			buildRules = (
			);
			dependencies = (
			);
			name = basketball_app;
			productName = basketball_app;
			productReference = 18FE43BB2A03D7F100BE525A /* basketball_app.app */;
			productType = "com.apple.product-type.application";
		};
/* End PBXNativeTarget section */

/* Begin PBXProject section */
		18FE43B32A03D7F100BE525A /* Project object */ = {
			isa = PBXProject;
			attributes = {
				BuildIndependentTargetsInParallel = 1;
				LastSwiftUpdateCheck = 1430;
				LastUpgradeCheck = 1430;
				TargetAttributes = {
					18FE43BA2A03D7F100BE525A = {
						CreatedOnToolsVersion = 14.3;
					};
				};
			};
			buildConfigurationList = 18FE43B62A03D7F100BE525A /* Build configuration list for PBXProject "basketball_app" */;
			compatibilityVersion = "Xcode 14.0";
			developmentRegion = en;
			hasScannedForEncodings = 0;
			knownRegions = (
				en,
				Base,
			);
			mainGroup = 18FE43B22A03D7F100BE525A;
			productRefGroup = 18FE43BC2A03D7F100BE525A /* Products */;
			projectDirPath = "";
			projectRoot = "";
			targets = (
				18FE43BA2A03D7F100BE525A /* basketball_app */,
			);
		};
/* End PBXProject section */

/* Begin PBXResourcesBuildPhase section */
		18FE43B92A03D7F100BE525A /* Resources */ = {
			isa = PBXResourcesBuildPhase;
			buildActionMask = 2147483647;
			files = (
				18CB700D2A12E7A7006BFA03 /* Shooting.mp4 in Resources */,
				18FE43C62A03D7F200BE525A /* Preview Assets.xcassets in Resources */,
				18CB70172A164C04006BFA03 /* perfect.mp3 in Resources */,
				18BE60252A12593C001E052D /* Freethrow.mp4 in Resources */,
				18FE43C32A03D7F200BE525A /* Assets.xcassets in Resources */,
			);
			runOnlyForDeploymentPostprocessing = 0;
		};
/* End PBXResourcesBuildPhase section */

/* Begin PBXSourcesBuildPhase section */
		18FE43B72A03D7F100BE525A /* Sources */ = {
			isa = PBXSourcesBuildPhase;
			buildActionMask = 2147483647;
			files = (
				18D112CD2A0809BD005EBE28 /* TodayPlan.swift in Sources */,
				18CB700B2A12E78C006BFA03 /* Video2.swift in Sources */,
				18CB70132A151E81006BFA03 /* BasketballFreetrowWorkout 1.mlmodel in Sources */,
				18C27C2A2A0CEDBB004A7D84 /* Stats.swift in Sources */,
				18C27C2C2A0D0F24004A7D84 /* ShootingExercise.swift in Sources */,
				18D112CF2A081439005EBE28 /* TodayPlanList.swift in Sources */,
				18BE60292A126A9F001E052D /* Video.swift in Sources */,
				18CB70092A12DEA3006BFA03 /* WorkoutButton.swift in Sources */,
				18FE43C12A03D7F100BE525A /* ContentView.swift in Sources */,
				18BE60272A1261E8001E052D /* VideoListItemView.swift in Sources */,
				185E48D82A0E485D0072B79F /* BestForYou.swift in Sources */,
				18CB700F2A13F457006BFA03 /* CameraWorkout.swift in Sources */,
				18D112C92A07D380005EBE28 /* WorkoutsView.swift in Sources */,
				187DB20E2A0E99AE00F3E41C /* Warmups.swift in Sources */,
				18FE43CD2A03D8AD00BE525A /* CustomTabBar.swift in Sources */,
				18D112D42A082D6B005EBE28 /* Training.swift in Sources */,
				18D112C32A057EBA005EBE28 /* WorkoutList.swift in Sources */,
				18CB70112A13F623006BFA03 /* VideoCapture.swift in Sources */,
				18FE43BF2A03D7F100BE525A /* basketball_appApp.swift in Sources */,
				18CB70152A151EED006BFA03 /* Perdictor.swift in Sources */,
				18C27C282A0CED69004A7D84 /* Explore.swift in Sources */,
			);
			runOnlyForDeploymentPostprocessing = 0;
		};
/* End PBXSourcesBuildPhase section */

/* Begin XCBuildConfiguration section */
		18FE43C72A03D7F200BE525A /* Debug */ = {
			isa = XCBuildConfiguration;
			buildSettings = {
				ALWAYS_SEARCH_USER_PATHS = NO;
				CLANG_ANALYZER_NONNULL = YES;
				CLANG_ANALYZER_NUMBER_OBJECT_CONVERSION = YES_AGGRESSIVE;
				CLANG_CXX_LANGUAGE_STANDARD = "gnu++20";
				CLANG_ENABLE_MODULES = YES;
				CLANG_ENABLE_OBJC_ARC = YES;
				CLANG_ENABLE_OBJC_WEAK = YES;
				CLANG_WARN_BLOCK_CAPTURE_AUTORELEASING = YES;
				CLANG_WARN_BOOL_CONVERSION = YES;
				CLANG_WARN_COMMA = YES;
				CLANG_WARN_CONSTANT_CONVERSION = YES;
				CLANG_WARN_DEPRECATED_OBJC_IMPLEMENTATIONS = YES;
				CLANG_WARN_DIRECT_OBJC_ISA_USAGE = YES_ERROR;
				CLANG_WARN_DOCUMENTATION_COMMENTS = YES;
				CLANG_WARN_EMPTY_BODY = YES;
				CLANG_WARN_ENUM_CONVERSION = YES;
				CLANG_WARN_INFINITE_RECURSION = YES;
				CLANG_WARN_INT_CONVERSION = YES;
				CLANG_WARN_NON_LITERAL_NULL_CONVERSION = YES;
				CLANG_WARN_OBJC_IMPLICIT_RETAIN_SELF = YES;
				CLANG_WARN_OBJC_LITERAL_CONVERSION = YES;
				CLANG_WARN_OBJC_ROOT_CLASS = YES_ERROR;
				CLANG_WARN_QUOTED_INCLUDE_IN_FRAMEWORK_HEADER = YES;
				CLANG_WARN_RANGE_LOOP_ANALYSIS = YES;
				CLANG_WARN_STRICT_PROTOTYPES = YES;
				CLANG_WARN_SUSPICIOUS_MOVE = YES;
				CLANG_WARN_UNGUARDED_AVAILABILITY = YES_AGGRESSIVE;
				CLANG_WARN_UNREACHABLE_CODE = YES;
				CLANG_WARN__DUPLICATE_METHOD_MATCH = YES;
				COPY_PHASE_STRIP = NO;
				DEBUG_INFORMATION_FORMAT = dwarf;
				ENABLE_STRICT_OBJC_MSGSEND = YES;
				ENABLE_TESTABILITY = YES;
				GCC_C_LANGUAGE_STANDARD = gnu11;
				GCC_DYNAMIC_NO_PIC = NO;
				GCC_NO_COMMON_BLOCKS = YES;
				GCC_OPTIMIZATION_LEVEL = 0;
				GCC_PREPROCESSOR_DEFINITIONS = (
					"DEBUG=1",
					"$(inherited)",
				);
				GCC_WARN_64_TO_32_BIT_CONVERSION = YES;
				GCC_WARN_ABOUT_RETURN_TYPE = YES_ERROR;
				GCC_WARN_UNDECLARED_SELECTOR = YES;
				GCC_WARN_UNINITIALIZED_AUTOS = YES_AGGRESSIVE;
				GCC_WARN_UNUSED_FUNCTION = YES;
				GCC_WARN_UNUSED_VARIABLE = YES;
				IPHONEOS_DEPLOYMENT_TARGET = 16.4;
				MTL_ENABLE_DEBUG_INFO = INCLUDE_SOURCE;
				MTL_FAST_MATH = YES;
				ONLY_ACTIVE_ARCH = YES;
				SDKROOT = iphoneos;
				SWIFT_ACTIVE_COMPILATION_CONDITIONS = DEBUG;
				SWIFT_OPTIMIZATION_LEVEL = "-Onone";
			};
			name = Debug;
		};
		18FE43C82A03D7F200BE525A /* Release */ = {
			isa = XCBuildConfiguration;
			buildSettings = {
				ALWAYS_SEARCH_USER_PATHS = NO;
				CLANG_ANALYZER_NONNULL = YES;
				CLANG_ANALYZER_NUMBER_OBJECT_CONVERSION = YES_AGGRESSIVE;
				CLANG_CXX_LANGUAGE_STANDARD = "gnu++20";
				CLANG_ENABLE_MODULES = YES;
				CLANG_ENABLE_OBJC_ARC = YES;
				CLANG_ENABLE_OBJC_WEAK = YES;
				CLANG_WARN_BLOCK_CAPTURE_AUTORELEASING = YES;
				CLANG_WARN_BOOL_CONVERSION = YES;
				CLANG_WARN_COMMA = YES;
				CLANG_WARN_CONSTANT_CONVERSION = YES;
				CLANG_WARN_DEPRECATED_OBJC_IMPLEMENTATIONS = YES;
				CLANG_WARN_DIRECT_OBJC_ISA_USAGE = YES_ERROR;
				CLANG_WARN_DOCUMENTATION_COMMENTS = YES;
				CLANG_WARN_EMPTY_BODY = YES;
				CLANG_WARN_ENUM_CONVERSION = YES;
				CLANG_WARN_INFINITE_RECURSION = YES;
				CLANG_WARN_INT_CONVERSION = YES;
				CLANG_WARN_NON_LITERAL_NULL_CONVERSION = YES;
				CLANG_WARN_OBJC_IMPLICIT_RETAIN_SELF = YES;
				CLANG_WARN_OBJC_LITERAL_CONVERSION = YES;
				CLANG_WARN_OBJC_ROOT_CLASS = YES_ERROR;
				CLANG_WARN_QUOTED_INCLUDE_IN_FRAMEWORK_HEADER = YES;
				CLANG_WARN_RANGE_LOOP_ANALYSIS = YES;
				CLANG_WARN_STRICT_PROTOTYPES = YES;
				CLANG_WARN_SUSPICIOUS_MOVE = YES;
				CLANG_WARN_UNGUARDED_AVAILABILITY = YES_AGGRESSIVE;
				CLANG_WARN_UNREACHABLE_CODE = YES;
				CLANG_WARN__DUPLICATE_METHOD_MATCH = YES;
				COPY_PHASE_STRIP = NO;
				DEBUG_INFORMATION_FORMAT = "dwarf-with-dsym";
				ENABLE_NS_ASSERTIONS = NO;
				ENABLE_STRICT_OBJC_MSGSEND = YES;
				GCC_C_LANGUAGE_STANDARD = gnu11;
				GCC_NO_COMMON_BLOCKS = YES;
				GCC_WARN_64_TO_32_BIT_CONVERSION = YES;
				GCC_WARN_ABOUT_RETURN_TYPE = YES_ERROR;
				GCC_WARN_UNDECLARED_SELECTOR = YES;
				GCC_WARN_UNINITIALIZED_AUTOS = YES_AGGRESSIVE;
				GCC_WARN_UNUSED_FUNCTION = YES;
				GCC_WARN_UNUSED_VARIABLE = YES;
				IPHONEOS_DEPLOYMENT_TARGET = 16.4;
				MTL_ENABLE_DEBUG_INFO = NO;
				MTL_FAST_MATH = YES;
				SDKROOT = iphoneos;
				SWIFT_COMPILATION_MODE = wholemodule;
				SWIFT_OPTIMIZATION_LEVEL = "-O";
				VALIDATE_PRODUCT = YES;
			};
			name = Release;
		};
		18FE43CA2A03D7F200BE525A /* Debug */ = {
			isa = XCBuildConfiguration;
			buildSettings = {
				ASSETCATALOG_COMPILER_APPICON_NAME = AppIcon;
				ASSETCATALOG_COMPILER_GLOBAL_ACCENT_COLOR_NAME = AccentColor;
				CODE_SIGN_STYLE = Automatic;
				CURRENT_PROJECT_VERSION = 1;
				DEVELOPMENT_ASSET_PATHS = "\"basketball_app/Preview Content\"";
				DEVELOPMENT_TEAM = 53V9JSPGBG;
				ENABLE_PREVIEWS = YES;
				GENERATE_INFOPLIST_FILE = YES;
				INFOPLIST_KEY_NSCameraUsageDescription = "This app would like to access your camera to analyze its content for action recognition";
				INFOPLIST_KEY_UIApplicationSceneManifest_Generation = YES;
				INFOPLIST_KEY_UIApplicationSupportsIndirectInputEvents = YES;
				INFOPLIST_KEY_UILaunchScreen_Generation = YES;
				INFOPLIST_KEY_UISupportedInterfaceOrientations_iPad = "UIInterfaceOrientationPortrait UIInterfaceOrientationPortraitUpsideDown UIInterfaceOrientationLandscapeLeft UIInterfaceOrientationLandscapeRight";
				INFOPLIST_KEY_UISupportedInterfaceOrientations_iPhone = "UIInterfaceOrientationPortrait UIInterfaceOrientationLandscapeLeft UIInterfaceOrientationLandscapeRight";
				LD_RUNPATH_SEARCH_PATHS = (
					"$(inherited)",
					"@executable_path/Frameworks",
				);
				MARKETING_VERSION = 1.0;
				PRODUCT_BUNDLE_IDENTIFIER = "hoop.basketball-app";
				PRODUCT_NAME = "$(TARGET_NAME)";
				SWIFT_EMIT_LOC_STRINGS = YES;
				SWIFT_VERSION = 5.0;
				TARGETED_DEVICE_FAMILY = "1,2";
			};
			name = Debug;
		};
		18FE43CB2A03D7F200BE525A /* Release */ = {
			isa = XCBuildConfiguration;
			buildSettings = {
				ASSETCATALOG_COMPILER_APPICON_NAME = AppIcon;
				ASSETCATALOG_COMPILER_GLOBAL_ACCENT_COLOR_NAME = AccentColor;
				CODE_SIGN_STYLE = Automatic;
				CURRENT_PROJECT_VERSION = 1;
				DEVELOPMENT_ASSET_PATHS = "\"basketball_app/Preview Content\"";
				DEVELOPMENT_TEAM = 53V9JSPGBG;
				ENABLE_PREVIEWS = YES;
				GENERATE_INFOPLIST_FILE = YES;
				INFOPLIST_KEY_NSCameraUsageDescription = "This app would like to access your camera to analyze its content for action recognition";
				INFOPLIST_KEY_UIApplicationSceneManifest_Generation = YES;
				INFOPLIST_KEY_UIApplicationSupportsIndirectInputEvents = YES;
				INFOPLIST_KEY_UILaunchScreen_Generation = YES;
				INFOPLIST_KEY_UISupportedInterfaceOrientations_iPad = "UIInterfaceOrientationPortrait UIInterfaceOrientationPortraitUpsideDown UIInterfaceOrientationLandscapeLeft UIInterfaceOrientationLandscapeRight";
				INFOPLIST_KEY_UISupportedInterfaceOrientations_iPhone = "UIInterfaceOrientationPortrait UIInterfaceOrientationLandscapeLeft UIInterfaceOrientationLandscapeRight";
				LD_RUNPATH_SEARCH_PATHS = (
					"$(inherited)",
					"@executable_path/Frameworks",
				);
				MARKETING_VERSION = 1.0;
				PRODUCT_BUNDLE_IDENTIFIER = "hoop.basketball-app";
				PRODUCT_NAME = "$(TARGET_NAME)";
				SWIFT_EMIT_LOC_STRINGS = YES;
				SWIFT_VERSION = 5.0;
				TARGETED_DEVICE_FAMILY = "1,2";
			};
			name = Release;
		};
/* End XCBuildConfiguration section */

/* Begin XCConfigurationList section */
		18FE43B62A03D7F100BE525A /* Build configuration list for PBXProject "basketball_app" */ = {
			isa = XCConfigurationList;
			buildConfigurations = (
				18FE43C72A03D7F200BE525A /* Debug */,
				18FE43C82A03D7F200BE525A /* Release */,
			);
			defaultConfigurationIsVisible = 0;
			defaultConfigurationName = Release;
		};
		18FE43C92A03D7F200BE525A /* Build configuration list for PBXNativeTarget "basketball_app" */ = {
			isa = XCConfigurationList;
			buildConfigurations = (
				18FE43CA2A03D7F200BE525A /* Debug */,
				18FE43CB2A03D7F200BE525A /* Release */,
			);
			defaultConfigurationIsVisible = 0;
			defaultConfigurationName = Release;
		};
/* End XCConfigurationList section */
	};
	rootObject = 18FE43B32A03D7F100BE525A /* Project object */;
}
